
Microsoft Visual Studio Solution File, Format Version 12.00
# Visual Studio 2012
Project("{FAE04EC0-301F-11D3-BF4B-00C04F79EFBC}") = "EASV.PetShop.ConsoleApp", "PetShop\EASV.PetShop.ConsoleApp.csproj", "{A356615D-3EE9-4997-9DA8-0D561D93DFC3}"
EndProject
Project("{2150E333-8FDC-42A3-9474-1A3956D46DE8}") = "Core", "Core", "{08F9BDBF-6FF3-49F5-A1BA-146B21A5B96B}"
EndProject
Project("{FAE04EC0-301F-11D3-BF4B-00C04F79EFBC}") = "EASV.PetShop.Core", "EASV.PetShop.Core\EASV.PetShop.Core.csproj", "{0A477AA9-AA8C-4DFA-9311-82918A2C6FDF}"
EndProject
Project("{2150E333-8FDC-42A3-9474-1A3956D46DE8}") = "Infrastructure", "Infrastructure", "{37887EB8-7B10-4DC0-A669-537D0ED8336C}"
EndProject
Project("{2150E333-8FDC-42A3-9474-1A3956D46DE8}") = "UI", "UI", "{601B5D1B-4DDC-4FD2-95E1-246DBA982B28}"
EndProject
Project("{FAE04EC0-301F-11D3-BF4B-00C04F79EFBC}") = "EASV.PetShop.Infrastructure.Data", "EASV.PetShop.Infrastructure.Data\EASV.PetShop.Infrastructure.Data.csproj", "{D4BD34A1-0D8B-42B5-8FE9-BC9584DE8CE9}"
EndProject
Project("{FAE04EC0-301F-11D3-BF4B-00C04F79EFBC}") = "EASV.PetShop.Entities", "EASV.PetShop.Core\EASV.PetShop.Entities\EASV.PetShop.Entities.csproj", "{C753F4E8-FD30-416F-B03B-3EE8312963DB}"
EndProject
Global
	GlobalSection(SolutionConfigurationPlatforms) = preSolution
		Debug|Any CPU = Debug|Any CPU
		Release|Any CPU = Release|Any CPU
	EndGlobalSection
	GlobalSection(ProjectConfigurationPlatforms) = postSolution
		{A356615D-3EE9-4997-9DA8-0D561D93DFC3}.Debug|Any CPU.ActiveCfg = Debug|Any CPU
		{A356615D-3EE9-4997-9DA8-0D561D93DFC3}.Debug|Any CPU.Build.0 = Debug|Any CPU
		{A356615D-3EE9-4997-9DA8-0D561D93DFC3}.Release|Any CPU.ActiveCfg = Release|Any CPU
		{A356615D-3EE9-4997-9DA8-0D561D93DFC3}.Release|Any CPU.Build.0 = Release|Any CPU
		{0A477AA9-AA8C-4DFA-9311-82918A2C6FDF}.Debug|Any CPU.ActiveCfg = Debug|Any CPU
		{0A477AA9-AA8C-4DFA-9311-82918A2C6FDF}.Debug|Any CPU.Build.0 = Debug|Any CPU
		{0A477AA9-AA8C-4DFA-9311-82918A2C6FDF}.Release|Any CPU.ActiveCfg = Release|Any CPU
		{0A477AA9-AA8C-4DFA-9311-82918A2C6FDF}.Release|Any CPU.Build.0 = Release|Any CPU
		{D4BD34A1-0D8B-42B5-8FE9-BC9584DE8CE9}.Debug|Any CPU.ActiveCfg = Debug|Any CPU
		{D4BD34A1-0D8B-42B5-8FE9-BC9584DE8CE9}.Debug|Any CPU.Build.0 = Debug|Any CPU
		{D4BD34A1-0D8B-42B5-8FE9-BC9584DE8CE9}.Release|Any CPU.ActiveCfg = Release|Any CPU
		{D4BD34A1-0D8B-42B5-8FE9-BC9584DE8CE9}.Release|Any CPU.Build.0 = Release|Any CPU
		{C753F4E8-FD30-416F-B03B-3EE8312963DB}.Debug|Any CPU.ActiveCfg = Debug|Any CPU
		{C753F4E8-FD30-416F-B03B-3EE8312963DB}.Debug|Any CPU.Build.0 = Debug|Any CPU
		{C753F4E8-FD30-416F-B03B-3EE8312963DB}.Release|Any CPU.ActiveCfg = Release|Any CPU
		{C753F4E8-FD30-416F-B03B-3EE8312963DB}.Release|Any CPU.Build.0 = Release|Any CPU
	EndGlobalSection
	GlobalSection(NestedProjects) = preSolution
		{0A477AA9-AA8C-4DFA-9311-82918A2C6FDF} = {08F9BDBF-6FF3-49F5-A1BA-146B21A5B96B}
		{A356615D-3EE9-4997-9DA8-0D561D93DFC3} = {601B5D1B-4DDC-4FD2-95E1-246DBA982B28}
		{D4BD34A1-0D8B-42B5-8FE9-BC9584DE8CE9} = {37887EB8-7B10-4DC0-A669-537D0ED8336C}
		{C753F4E8-FD30-416F-B03B-3EE8312963DB} = {08F9BDBF-6FF3-49F5-A1BA-146B21A5B96B}
	EndGlobalSection
EndGlobal
